// !$*UTF8*$!
{
	archiveVersion = 1;
	classes = {
	};
	objectVersion = 46;
	objects = {

/* Begin PBXBuildFile section */
		76567EA11BBA5A9300039ED7 /* main.m in Sources */ = {isa = PBXBuildFile; fileRef = 76567EA01BBA5A9300039ED7 /* main.m */; };
		76567EA41BBA5A9300039ED7 /* AppDelegate.m in Sources */ = {isa = PBXBuildFile; fileRef = 76567EA31BBA5A9300039ED7 /* AppDelegate.m */; };
		76567EA71BBA5A9300039ED7 /* ViewController.m in Sources */ = {isa = PBXBuildFile; fileRef = 76567EA61BBA5A9300039ED7 /* ViewController.m */; };
		76567EAA1BBA5A9300039ED7 /* Main.storyboard in Resources */ = {isa = PBXBuildFile; fileRef = 76567EA81BBA5A9300039ED7 /* Main.storyboard */; };
		76567EAC1BBA5A9300039ED7 /* Images.xcassets in Resources */ = {isa = PBXBuildFile; fileRef = 76567EAB1BBA5A9300039ED7 /* Images.xcassets */; };
		76567EAF1BBA5A9300039ED7 /* LaunchScreen.xib in Resources */ = {isa = PBXBuildFile; fileRef = 76567EAD1BBA5A9300039ED7 /* LaunchScreen.xib */; };
		76567EBB1BBA5A9300039ED7 /* SchoolTests.m in Sources */ = {isa = PBXBuildFile; fileRef = 76567EBA1BBA5A9300039ED7 /* SchoolTests.m */; };
/* End PBXBuildFile section */

/* Begin PBXContainerItemProxy section */
		76567EB51BBA5A9300039ED7 /* PBXContainerItemProxy */ = {
			isa = PBXContainerItemProxy;
			containerPortal = 76567E931BBA5A9300039ED7 /* Project object */;
			proxyType = 1;
			remoteGlobalIDString = 76567E9A1BBA5A9300039ED7;
			remoteInfo = School;
		};
/* End PBXContainerItemProxy section */

/* Begin PBXFileReference section */
		76567E9B1BBA5A9300039ED7 /* School.app */ = {isa = PBXFileReference; explicitFileType = wrapper.application; includeInIndex = 0; path = School.app; sourceTree = BUILT_PRODUCTS_DIR; };
		76567E9F1BBA5A9300039ED7 /* Info.plist */ = {isa = PBXFileReference; lastKnownFileType = text.plist.xml; path = Info.plist; sourceTree = "<group>"; };
		76567EA01BBA5A9300039ED7 /* main.m */ = {isa = PBXFileReference; lastKnownFileType = sourcecode.c.objc; path = main.m; sourceTree = "<group>"; };
		76567EA21BBA5A9300039ED7 /* AppDelegate.h */ = {isa = PBXFileReference; lastKnownFileType = sourcecode.c.h; path = AppDelegate.h; sourceTree = "<group>"; };
		76567EA31BBA5A9300039ED7 /* AppDelegate.m */ = {isa = PBXFileReference; lastKnownFileType = sourcecode.c.objc; path = AppDelegate.m; sourceTree = "<group>"; };
		76567EA51BBA5A9300039ED7 /* ViewController.h */ = {isa = PBXFileReference; lastKnownFileType = sourcecode.c.h; path = ViewController.h; sourceTree = "<group>"; };
		76567EA61BBA5A9300039ED7 /* ViewController.m */ = {isa = PBXFileReference; lastKnownFileType = sourcecode.c.objc; path = ViewController.m; sourceTree = "<group>"; };
		76567EA91BBA5A9300039ED7 /* Base */ = {isa = PBXFileReference; lastKnownFileType = file.storyboard; name = Base; path = Base.lproj/Main.storyboard; sourceTree = "<group>"; };
		76567EAB1BBA5A9300039ED7 /* Images.xcassets */ = {isa = PBXFileReference; lastKnownFileType = folder.assetcatalog; path = Images.xcassets; sourceTree = "<group>"; };
		76567EAE1BBA5A9300039ED7 /* Base */ = {isa = PBXFileReference; lastKnownFileType = file.xib; name = Base; path = Base.lproj/LaunchScreen.xib; sourceTree = "<group>"; };
		76567EB41BBA5A9300039ED7 /* SchoolTests.xctest */ = {isa = PBXFileReference; explicitFileType = wrapper.cfbundle; includeInIndex = 0; path = SchoolTests.xctest; sourceTree = BUILT_PRODUCTS_DIR; };
		76567EB91BBA5A9300039ED7 /* Info.plist */ = {isa = PBXFileReference; lastKnownFileType = text.plist.xml; path = Info.plist; sourceTree = "<group>"; };
		76567EBA1BBA5A9300039ED7 /* SchoolTests.m */ = {isa = PBXFileReference; lastKnownFileType = sourcecode.c.objc; path = SchoolTests.m; sourceTree = "<group>"; };
/* End PBXFileReference section */

/* Begin PBXFrameworksBuildPhase section */
		76567E981BBA5A9300039ED7 /* Frameworks */ = {
			isa = PBXFrameworksBuildPhase;
			buildActionMask = 2147483647;
			files = (
			);
			runOnlyForDeploymentPostprocessing = 0;
		};
		76567EB11BBA5A9300039ED7 /* Frameworks */ = {
			isa = PBXFrameworksBuildPhase;
			buildActionMask = 2147483647;
			files = (
			);
			runOnlyForDeploymentPostprocessing = 0;
		};
/* End PBXFrameworksBuildPhase section */

/* Begin PBXGroup section */
		76567E921BBA5A9300039ED7 = {
			isa = PBXGroup;
			children = (
				76567E9D1BBA5A9300039ED7 /* School */,
				76567EB71BBA5A9300039ED7 /* SchoolTests */,
				76567E9C1BBA5A9300039ED7 /* Products */,
			);
			sourceTree = "<group>";
		};
		76567E9C1BBA5A9300039ED7 /* Products */ = {
			isa = PBXGroup;
			children = (
				76567E9B1BBA5A9300039ED7 /* School.app */,
				76567EB41BBA5A9300039ED7 /* SchoolTests.xctest */,
			);
			name = Products;
			sourceTree = "<group>";
		};
		76567E9D1BBA5A9300039ED7 /* School */ = {
			isa = PBXGroup;
			children = (
				76567EA21BBA5A9300039ED7 /* AppDelegate.h */,
				76567EA31BBA5A9300039ED7 /* AppDelegate.m */,
				76567EA51BBA5A9300039ED7 /* ViewController.h */,
				76567EA61BBA5A9300039ED7 /* ViewController.m */,
				76567EA81BBA5A9300039ED7 /* Main.storyboard */,
				76567EAB1BBA5A9300039ED7 /* Images.xcassets */,
				76567EAD1BBA5A9300039ED7 /* LaunchScreen.xib */,
				76567E9E1BBA5A9300039ED7 /* Supporting Files */,
			);
			path = School;
			sourceTree = "<group>";
		};
		76567E9E1BBA5A9300039ED7 /* Supporting Files */ = {
			isa = PBXGroup;
			children = (
				76567E9F1BBA5A9300039ED7 /* Info.plist */,
				76567EA01BBA5A9300039ED7 /* main.m */,
			);
			name = "Supporting Files";
			sourceTree = "<group>";
		};
		76567EB71BBA5A9300039ED7 /* SchoolTests */ = {
			isa = PBXGroup;
			children = (
				76567EBA1BBA5A9300039ED7 /* SchoolTests.m */,
				76567EB81BBA5A9300039ED7 /* Supporting Files */,
			);
			path = SchoolTests;
			sourceTree = "<group>";
		};
		76567EB81BBA5A9300039ED7 /* Supporting Files */ = {
			isa = PBXGroup;
			children = (
				76567EB91BBA5A9300039ED7 /* Info.plist */,
			);
			name = "Supporting Files";
			sourceTree = "<group>";
		};
/* End PBXGroup section */

/* Begin PBXNativeTarget section */
		76567E9A1BBA5A9300039ED7 /* School */ = {
			isa = PBXNativeTarget;
			buildConfigurationList = 76567EBE1BBA5A9300039ED7 /* Build configuration list for PBXNativeTarget "School" */;
			buildPhases = (
				76567E971BBA5A9300039ED7 /* Sources */,
				76567E981BBA5A9300039ED7 /* Frameworks */,
				76567E991BBA5A9300039ED7 /* Resources */,
			);
			buildRules = (
			);
			dependencies = (
			);
			name = School;
			productName = School;
			productReference = 76567E9B1BBA5A9300039ED7 /* School.app */;
			productType = "com.apple.product-type.application";
		};
		76567EB31BBA5A9300039ED7 /* SchoolTests */ = {
			isa = PBXNativeTarget;
			buildConfigurationList = 76567EC11BBA5A9300039ED7 /* Build configuration list for PBXNativeTarget "SchoolTests" */;
			buildPhases = (
				76567EB01BBA5A9300039ED7 /* Sources */,
				76567EB11BBA5A9300039ED7 /* Frameworks */,
				76567EB21BBA5A9300039ED7 /* Resources */,
			);
			buildRules = (
			);
			dependencies = (
				76567EB61BBA5A9300039ED7 /* PBXTargetDependency */,
			);
			name = SchoolTests;
			productName = SchoolTests;
			productReference = 76567EB41BBA5A9300039ED7 /* SchoolTests.xctest */;
			productType = "com.apple.product-type.bundle.unit-test";
		};
/* End PBXNativeTarget section */

/* Begin PBXProject section */
		76567E931BBA5A9300039ED7 /* Project object */ = {
			isa = PBXProject;
			attributes = {
				LastUpgradeCheck = 0630;
				ORGANIZATIONNAME = yangxu;
				TargetAttributes = {
					76567E9A1BBA5A9300039ED7 = {
						CreatedOnToolsVersion = 6.3.2;
					};
					76567EB31BBA5A9300039ED7 = {
						CreatedOnToolsVersion = 6.3.2;
						TestTargetID = 76567E9A1BBA5A9300039ED7;
					};
				};
			};
			buildConfigurationList = 76567E961BBA5A9300039ED7 /* Build configuration list for PBXProject "School" */;
			compatibilityVersion = "Xcode 3.2";
			developmentRegion = English;
			hasScannedForEncodings = 0;
			knownRegions = (
				en,
				Base,
			);
			mainGroup = 76567E921BBA5A9300039ED7;
			productRefGroup = 76567E9C1BBA5A9300039ED7 /* Products */;
			projectDirPath = "";
			projectRoot = "";
			targets = (
				76567E9A1BBA5A9300039ED7 /* School */,
				76567EB31BBA5A9300039ED7 /* SchoolTests */,
			);
		};
/* End PBXProject section */

/* Begin PBXResourcesBuildPhase section */
		76567E991BBA5A9300039ED7 /* Resources */ = {
			isa = PBXResourcesBuildPhase;
			buildActionMask = 2147483647;
			files = (
				76567EAA1BBA5A9300039ED7 /* Main.storyboard in Resources */,
				76567EAF1BBA5A9300039ED7 /* LaunchScreen.xib in Resources */,
				76567EAC1BBA5A9300039ED7 /* Images.xcassets in Resources */,
			);
			runOnlyForDeploymentPostprocessing = 0;
		};
		76567EB21BBA5A9300039ED7 /* Resources */ = {
			isa = PBXResourcesBuildPhase;
			buildActionMask = 2147483647;
			files = (
			);
			runOnlyForDeploymentPostprocessing = 0;
		};
/* End PBXResourcesBuildPhase section */

/* Begin PBXSourcesBuildPhase section */
		76567E971BBA5A9300039ED7 /* Sources */ = {
			isa = PBXSourcesBuildPhase;
			buildActionMask = 2147483647;
			files = (
				76567EA71BBA5A9300039ED7 /* ViewController.m in Sources */,
				76567EA41BBA5A9300039ED7 /* AppDelegate.m in Sources */,
				76567EA11BBA5A9300039ED7 /* main.m in Sources */,
			);
			runOnlyForDeploymentPostprocessing = 0;
		};
		76567EB01BBA5A9300039ED7 /* Sources */ = {
			isa = PBXSourcesBuildPhase;
			buildActionMask = 2147483647;
			files = (
				76567EBB1BBA5A9300039ED7 /* SchoolTests.m in Sources */,
			);
			runOnlyForDeploymentPostprocessing = 0;
		};
/* End PBXSourcesBuildPhase section */

/* Begin PBXTargetDependency section */
		76567EB61BBA5A9300039ED7 /* PBXTargetDependency */ = {
			isa = PBXTargetDependency;
			target = 76567E9A1BBA5A9300039ED7 /* School */;
			targetProxy = 76567EB51BBA5A9300039ED7 /* PBXContainerItemProxy */;
		};
/* End PBXTargetDependency section */

/* Begin PBXVariantGroup section */
		76567EA81BBA5A9300039ED7 /* Main.storyboard */ = {
			isa = PBXVariantGroup;
			children = (
				76567EA91BBA5A9300039ED7 /* Base */,
			);
			name = Main.storyboard;
			sourceTree = "<group>";
		};
		76567EAD1BBA5A9300039ED7 /* LaunchScreen.xib */ = {
			isa = PBXVariantGroup;
			children = (
				76567EAE1BBA5A9300039ED7 /* Base */,
			);
			name = LaunchScreen.xib;
			sourceTree = "<group>";
		};
/* End PBXVariantGroup section */

/* Begin XCBuildConfiguration section */
		76567EBC1BBA5A9300039ED7 /* Debug */ = {
			isa = XCBuildConfiguration;
			buildSettings = {
				ALWAYS_SEARCH_USER_PATHS = NO;
				CLANG_CXX_LANGUAGE_STANDARD = "gnu++0x";
				CLANG_CXX_LIBRARY = "libc++";
				CLANG_ENABLE_MODULES = YES;
				CLANG_ENABLE_OBJC_ARC = YES;
				CLANG_WARN_BOOL_CONVERSION = YES;
				CLANG_WARN_CONSTANT_CONVERSION = YES;
				CLANG_WARN_DIRECT_OBJC_ISA_USAGE = YES_ERROR;
				CLANG_WARN_EMPTY_BODY = YES;
				CLANG_WARN_ENUM_CONVERSION = YES;
				CLANG_WARN_INT_CONVERSION = YES;
				CLANG_WARN_OBJC_ROOT_CLASS = YES_ERROR;
				CLANG_WARN_UNREACHABLE_CODE = YES;
				CLANG_WARN__DUPLICATE_METHOD_MATCH = YES;
				"CODE_SIGN_IDENTITY[sdk=iphoneos*]" = "iPhone Developer";
				COPY_PHASE_STRIP = NO;
				DEBUG_INFORMATION_FORMAT = "dwarf-with-dsym";
				ENABLE_STRICT_OBJC_MSGSEND = YES;
				GCC_C_LANGUAGE_STANDARD = gnu99;
				GCC_DYNAMIC_NO_PIC = NO;
				GCC_NO_COMMON_BLOCKS = YES;
				GCC_OPTIMIZATION_LEVEL = 0;
				GCC_PREPROCESSOR_DEFINITIONS = (
					"DEBUG=1",
					"$(inherited)",
				);
				GCC_SYMBOLS_PRIVATE_EXTERN = NO;
				GCC_WARN_64_TO_32_BIT_CONVERSION = YES;
				GCC_WARN_ABOUT_RETURN_TYPE = YES_ERROR;
				GCC_WARN_UNDECLARED_SELECTOR = YES;
				GCC_WARN_UNINITIALIZED_AUTOS = YES_AGGRESSIVE;
				GCC_WARN_UNUSED_FUNCTION = YES;
				GCC_WARN_UNUSED_VARIABLE = YES;
				IPHONEOS_DEPLOYMENT_TARGET = 8.3;
				MTL_ENABLE_DEBUG_INFO = YES;
				ONLY_ACTIVE_ARCH = YES;
				SDKROOT = iphoneos;
			};
			name = Debug;
		};
		76567EBD1BBA5A9300039ED7 /* Release */ = {
			isa = XCBuildConfiguration;
			buildSettings = {
				ALWAYS_SEARCH_USER_PATHS = NO;
				CLANG_CXX_LANGUAGE_STANDARD = "gnu++0x";
				CLANG_CXX_LIBRARY = "libc++";
				CLANG_ENABLE_MODULES = YES;
				CLANG_ENABLE_OBJC_ARC = YES;
				CLANG_WARN_BOOL_CONVERSION = YES;
				CLANG_WARN_CONSTANT_CONVERSION = YES;
				CLANG_WARN_DIRECT_OBJC_ISA_USAGE = YES_ERROR;
				CLANG_WARN_EMPTY_BODY = YES;
				CLANG_WARN_ENUM_CONVERSION = YES;
				CLANG_WARN_INT_CONVERSION = YES;
				CLANG_WARN_OBJC_ROOT_CLASS = YES_ERROR;
				CLANG_WARN_UNREACHABLE_CODE = YES;
				CLANG_WARN__DUPLICATE_METHOD_MATCH = YES;
				"CODE_SIGN_IDENTITY[sdk=iphoneos*]" = "iPhone Developer";
				COPY_PHASE_STRIP = NO;
				DEBUG_INFORMATION_FORMAT = "dwarf-with-dsym";
				ENABLE_NS_ASSERTIONS = NO;
				ENABLE_STRICT_OBJC_MSGSEND = YES;
				GCC_C_LANGUAGE_STANDARD = gnu99;
				GCC_NO_COMMON_BLOCKS = YES;
				GCC_WARN_64_TO_32_BIT_CONVERSION = YES;
				GCC_WARN_ABOUT_RETURN_TYPE = YES_ERROR;
				GCC_WARN_UNDECLARED_SELECTOR = YES;
				GCC_WARN_UNINITIALIZED_AUTOS = YES_AGGRESSIVE;
				GCC_WARN_UNUSED_FUNCTION = YES;
				GCC_WARN_UNUSED_VARIABLE = YES;
				IPHONEOS_DEPLOYMENT_TARGET = 8.3;
				MTL_ENABLE_DEBUG_INFO = NO;
				SDKROOT = iphoneos;
				VALIDATE_PRODUCT = YES;
			};
			name = Release;
		};
		76567EBF1BBA5A9300039ED7 /* Debug */ = {
			isa = XCBuildConfiguration;
			buildSettings = {
				ASSETCATALOG_COMPILER_APPICON_NAME = AppIcon;
				INFOPLIST_FILE = School/Info.plist;
				LD_RUNPATH_SEARCH_PATHS = "$(inherited) @executable_path/Frameworks";
				PRODUCT_NAME = "$(TARGET_NAME)";
			};
			name = Debug;
		};
		76567EC01BBA5A9300039ED7 /* Release */ = {
			isa = XCBuildConfiguration;
			buildSettings = {
				ASSETCATALOG_COMPILER_APPICON_NAME = AppIcon;
				INFOPLIST_FILE = School/Info.plist;
				LD_RUNPATH_SEARCH_PATHS = "$(inherited) @executable_path/Frameworks";
				PRODUCT_NAME = "$(TARGET_NAME)";
			};
			name = Release;
		};
		76567EC21BBA5A9300039ED7 /* Debug */ = {
			isa = XCBuildConfiguration;
			buildSettings = {
				BUNDLE_LOADER = "$(TEST_HOST)";
				FRAMEWORK_SEARCH_PATHS = (
					"$(SDKROOT)/Developer/Library/Frameworks",
					"$(inherited)",
				);
				GCC_PREPROCESSOR_DEFINITIONS = (
					"DEBUG=1",
					"$(inherited)",
				);
				INFOPLIST_FILE = SchoolTests/Info.plist;
				LD_RUNPATH_SEARCH_PATHS = "$(inherited) @executable_path/Frameworks @loader_path/Frameworks";
				PRODUCT_NAME = "$(TARGET_NAME)";
				TEST_HOST = "$(BUILT_PRODUCTS_DIR)/School.app/School";
			};
			name = Debug;
		};
		76567EC31BBA5A9300039ED7 /* Release */ = {
			isa = XCBuildConfiguration;
			buildSettings = {
				BUNDLE_LOADER = "$(TEST_HOST)";
				FRAMEWORK_SEARCH_PATHS = (
					"$(SDKROOT)/Developer/Library/Frameworks",
					"$(inherited)",
				);
				INFOPLIST_FILE = SchoolTests/Info.plist;
				LD_RUNPATH_SEARCH_PATHS = "$(inherited) @executable_path/Frameworks @loader_path/Frameworks";
				PRODUCT_NAME = "$(TARGET_NAME)";
				TEST_HOST = "$(BUILT_PRODUCTS_DIR)/School.app/School";
			};
			name = Release;
		};
/* End XCBuildConfiguration section */

/* Begin XCConfigurationList section */
		76567E961BBA5A9300039ED7 /* Build configuration list for PBXProject "School" */ = {
			isa = XCConfigurationList;
			buildConfigurations = (
				76567EBC1BBA5A9300039ED7 /* Debug */,
				76567EBD1BBA5A9300039ED7 /* Release */,
			);
			defaultConfigurationIsVisible = 0;
			defaultConfigurationName = Release;
		};
		76567EBE1BBA5A9300039ED7 /* Build configuration list for PBXNativeTarget "School" */ = {
			isa = XCConfigurationList;
			buildConfigurations = (
				76567EBF1BBA5A9300039ED7 /* Debug */,
				76567EC01BBA5A9300039ED7 /* Release */,
			);
			defaultConfigurationIsVisible = 0;
		};
		76567EC11BBA5A9300039ED7 /* Build configuration list for PBXNativeTarget "SchoolTests" */ = {
			isa = XCConfigurationList;
			buildConfigurations = (
				76567EC21BBA5A9300039ED7 /* Debug */,
				76567EC31BBA5A9300039ED7 /* Release */,
			);
			defaultConfigurationIsVisible = 0;
		};
/* End XCConfigurationList section */
	};
	rootObject = 76567E931BBA5A9300039ED7 /* Project object */;
}
